
Microsoft Visual Studio Solution File, Format Version 12.00
# Visual Studio Version 16
VisualStudioVersion = 16.0.30804.86
MinimumVisualStudioVersion = 10.0.40219.1
Project("{9A19103F-16F7-4668-BE54-9A1E7A4F7556}") = "Api", "src\Api\Api.csproj", "{03C6A618-DE52-40F7-95F5-2273E166852C}"
EndProject
Project("{9A19103F-16F7-4668-BE54-9A1E7A4F7556}") = "Contracts", "src\Contracts\Contracts.csproj", "{AAA0ED08-34F5-48D5-95CB-C16127C244EE}"
EndProject
Project("{9A19103F-16F7-4668-BE54-9A1E7A4F7556}") = "Components", "src\Components\Components.csproj", "{FBB71ED6-1C55-47B2-B462-880E086C2F73}"
EndProject
Project("{9A19103F-16F7-4668-BE54-9A1E7A4F7556}") = "Infrastructure", "src\Infrastructure\Infrastructure.csproj", "{EE385EEE-64E5-4A93-8481-4BB0DF393477}"
EndProject
Project("{9A19103F-16F7-4668-BE54-9A1E7A4F7556}") = "BackgroundWorkers", "src\BackgroundWorkers\BackgroundWorkers.csproj", "{80F69ACA-C18C-492A-9A74-3754611C6C68}"
EndProject
Project("{9A19103F-16F7-4668-BE54-9A1E7A4F7556}") = "BackgroundAuditor", "src\BackgroundAuditor\BackgroundAuditor.csproj", "{4662AB97-CE2A-4EF1-9EC6-1CC39B758AC1}"
EndProject
Project("{FAE04EC0-301F-11D3-BF4B-00C04F79EFBC}") = "Scheduler", "src\Scheduler\Scheduler.csproj", "{40782106-6A27-4BEE-BAE7-1D5F76EB54ED}"
EndProject
Global
	GlobalSection(SolutionConfigurationPlatforms) = preSolution
		Debug|Any CPU = Debug|Any CPU
		Release|Any CPU = Release|Any CPU
	EndGlobalSection
	GlobalSection(ProjectConfigurationPlatforms) = postSolution
		{03C6A618-DE52-40F7-95F5-2273E166852C}.Debug|Any CPU.ActiveCfg = Debug|Any CPU
		{03C6A618-DE52-40F7-95F5-2273E166852C}.Debug|Any CPU.Build.0 = Debug|Any CPU
		{03C6A618-DE52-40F7-95F5-2273E166852C}.Release|Any CPU.ActiveCfg = Release|Any CPU
		{03C6A618-DE52-40F7-95F5-2273E166852C}.Release|Any CPU.Build.0 = Release|Any CPU
		{AAA0ED08-34F5-48D5-95CB-C16127C244EE}.Debug|Any CPU.ActiveCfg = Debug|Any CPU
		{AAA0ED08-34F5-48D5-95CB-C16127C244EE}.Debug|Any CPU.Build.0 = Debug|Any CPU
		{AAA0ED08-34F5-48D5-95CB-C16127C244EE}.Release|Any CPU.ActiveCfg = Release|Any CPU
		{AAA0ED08-34F5-48D5-95CB-C16127C244EE}.Release|Any CPU.Build.0 = Release|Any CPU
		{FBB71ED6-1C55-47B2-B462-880E086C2F73}.Debug|Any CPU.ActiveCfg = Debug|Any CPU
		{FBB71ED6-1C55-47B2-B462-880E086C2F73}.Debug|Any CPU.Build.0 = Debug|Any CPU
		{FBB71ED6-1C55-47B2-B462-880E086C2F73}.Release|Any CPU.ActiveCfg = Release|Any CPU
		{FBB71ED6-1C55-47B2-B462-880E086C2F73}.Release|Any CPU.Build.0 = Release|Any CPU
		{EE385EEE-64E5-4A93-8481-4BB0DF393477}.Debug|Any CPU.ActiveCfg = Debug|Any CPU
		{EE385EEE-64E5-4A93-8481-4BB0DF393477}.Debug|Any CPU.Build.0 = Debug|Any CPU
		{EE385EEE-64E5-4A93-8481-4BB0DF393477}.Release|Any CPU.ActiveCfg = Release|Any CPU
		{EE385EEE-64E5-4A93-8481-4BB0DF393477}.Release|Any CPU.Build.0 = Release|Any CPU
		{80F69ACA-C18C-492A-9A74-3754611C6C68}.Debug|Any CPU.ActiveCfg = Debug|Any CPU
		{80F69ACA-C18C-492A-9A74-3754611C6C68}.Debug|Any CPU.Build.0 = Debug|Any CPU
		{80F69ACA-C18C-492A-9A74-3754611C6C68}.Release|Any CPU.ActiveCfg = Release|Any CPU
		{80F69ACA-C18C-492A-9A74-3754611C6C68}.Release|Any CPU.Build.0 = Release|Any CPU
		{4662AB97-CE2A-4EF1-9EC6-1CC39B758AC1}.Debug|Any CPU.ActiveCfg = Debug|Any CPU
		{4662AB97-CE2A-4EF1-9EC6-1CC39B758AC1}.Debug|Any CPU.Build.0 = Debug|Any CPU
		{4662AB97-CE2A-4EF1-9EC6-1CC39B758AC1}.Release|Any CPU.ActiveCfg = Release|Any CPU
		{4662AB97-CE2A-4EF1-9EC6-1CC39B758AC1}.Release|Any CPU.Build.0 = Release|Any CPU
		{40782106-6A27-4BEE-BAE7-1D5F76EB54ED}.Debug|Any CPU.ActiveCfg = Debug|Any CPU
		{40782106-6A27-4BEE-BAE7-1D5F76EB54ED}.Debug|Any CPU.Build.0 = Debug|Any CPU
		{40782106-6A27-4BEE-BAE7-1D5F76EB54ED}.Release|Any CPU.ActiveCfg = Release|Any CPU
		{40782106-6A27-4BEE-BAE7-1D5F76EB54ED}.Release|Any CPU.Build.0 = Release|Any CPU
	EndGlobalSection
	GlobalSection(SolutionProperties) = preSolution
		HideSolutionNode = FALSE
	EndGlobalSection
	GlobalSection(ExtensibilityGlobals) = postSolution
		SolutionGuid = {044CD175-AA86-49DF-AE31-08C086E4FFCC}
	EndGlobalSection
EndGlobal
